{
    "_meta": {
        "hash": {
            "sha256": "f8457321fc1aa2e9a0a82e9ac2a268b295381d71a0cbfa0324de3fc375ab6bf6"
        },
        "pipfile-spec": 6,
        "requires": {
            "python_version": "3.10"
        },
        "sources": [
            {
                "name": "pypi",
                "url": "https://pypi.org/simple",
                "verify_ssl": true
            }
        ]
    },
    "default": {},
    "develop": {}
}
